// !$*UTF8*$!
{
	archiveVersion = 1;
	classes = {
	};
	objectVersion = 50;
	objects = {

/* Begin PBXBuildFile section */
		34ED55C1225FCE50008A7F09 /* AppDelegate.swift in Sources */ = {isa = PBXBuildFile; fileRef = 34ED55C0225FCE50008A7F09 /* AppDelegate.swift */; };
		34ED55C3225FCE50008A7F09 /* art.scnassets in Resources */ = {isa = PBXBuildFile; fileRef = 34ED55C2225FCE50008A7F09 /* art.scnassets */; };
		34ED55C5225FCE50008A7F09 /* MainViewController.swift in Sources */ = {isa = PBXBuildFile; fileRef = 34ED55C4225FCE50008A7F09 /* MainViewController.swift */; };
		34ED55CA225FCE53008A7F09 /* Assets.xcassets in Resources */ = {isa = PBXBuildFile; fileRef = 34ED55C9225FCE53008A7F09 /* Assets.xcassets */; };
		34ED55CD225FCE53008A7F09 /* LaunchScreen.storyboard in Resources */ = {isa = PBXBuildFile; fileRef = 34ED55CB225FCE53008A7F09 /* LaunchScreen.storyboard */; };
		53773722226FDECC003DBCA3 /* LaunchViewController.swift in Sources */ = {isa = PBXBuildFile; fileRef = 53773721226FDECC003DBCA3 /* LaunchViewController.swift */; };
		53773724226FDEF7003DBCA3 /* LaunchViewController.xib in Resources */ = {isa = PBXBuildFile; fileRef = 53773723226FDEF7003DBCA3 /* LaunchViewController.xib */; };
		53773727226FDF92003DBCA3 /* MainViewController.xib in Resources */ = {isa = PBXBuildFile; fileRef = 53773726226FDF92003DBCA3 /* MainViewController.xib */; };
		53773729226FE092003DBCA3 /* UIViewController.swift in Sources */ = {isa = PBXBuildFile; fileRef = 53773728226FE092003DBCA3 /* UIViewController.swift */; };
		5377372B226FE0A5003DBCA3 /* Optional.swift in Sources */ = {isa = PBXBuildFile; fileRef = 5377372A226FE0A5003DBCA3 /* Optional.swift */; };
/* End PBXBuildFile section */

/* Begin PBXFileReference section */
		34ED55BD225FCE50008A7F09 /* ARLiu.app */ = {isa = PBXFileReference; explicitFileType = wrapper.application; includeInIndex = 0; path = ARLiu.app; sourceTree = BUILT_PRODUCTS_DIR; };
		34ED55C0225FCE50008A7F09 /* AppDelegate.swift */ = {isa = PBXFileReference; lastKnownFileType = sourcecode.swift; path = AppDelegate.swift; sourceTree = "<group>"; };
		34ED55C2225FCE50008A7F09 /* art.scnassets */ = {isa = PBXFileReference; lastKnownFileType = wrapper.scnassets; path = art.scnassets; sourceTree = "<group>"; };
		34ED55C4225FCE50008A7F09 /* MainViewController.swift */ = {isa = PBXFileReference; lastKnownFileType = sourcecode.swift; path = MainViewController.swift; sourceTree = "<group>"; };
		34ED55C9225FCE53008A7F09 /* Assets.xcassets */ = {isa = PBXFileReference; lastKnownFileType = folder.assetcatalog; path = Assets.xcassets; sourceTree = "<group>"; };
		34ED55CC225FCE53008A7F09 /* Base */ = {isa = PBXFileReference; lastKnownFileType = file.storyboard; name = Base; path = Base.lproj/LaunchScreen.storyboard; sourceTree = "<group>"; };
		34ED55CE225FCE53008A7F09 /* Info.plist */ = {isa = PBXFileReference; lastKnownFileType = text.plist.xml; path = Info.plist; sourceTree = "<group>"; };
		53773721226FDECC003DBCA3 /* LaunchViewController.swift */ = {isa = PBXFileReference; lastKnownFileType = sourcecode.swift; path = LaunchViewController.swift; sourceTree = "<group>"; };
		53773723226FDEF7003DBCA3 /* LaunchViewController.xib */ = {isa = PBXFileReference; lastKnownFileType = file.xib; path = LaunchViewController.xib; sourceTree = "<group>"; };
		53773726226FDF92003DBCA3 /* MainViewController.xib */ = {isa = PBXFileReference; lastKnownFileType = file.xib; path = MainViewController.xib; sourceTree = "<group>"; };
		53773728226FE092003DBCA3 /* UIViewController.swift */ = {isa = PBXFileReference; lastKnownFileType = sourcecode.swift; path = UIViewController.swift; sourceTree = "<group>"; };
		5377372A226FE0A5003DBCA3 /* Optional.swift */ = {isa = PBXFileReference; lastKnownFileType = sourcecode.swift; path = Optional.swift; sourceTree = "<group>"; };
/* End PBXFileReference section */

/* Begin PBXFrameworksBuildPhase section */
		34ED55BA225FCE50008A7F09 /* Frameworks */ = {
			isa = PBXFrameworksBuildPhase;
			buildActionMask = 2147483647;
			files = (
			);
			runOnlyForDeploymentPostprocessing = 0;
		};
/* End PBXFrameworksBuildPhase section */

/* Begin PBXGroup section */
		34ED55B4225FCE50008A7F09 = {
			isa = PBXGroup;
			children = (
				34ED55BF225FCE50008A7F09 /* ARLiu */,
				34ED55BE225FCE50008A7F09 /* Products */,
			);
			sourceTree = "<group>";
		};
		34ED55BE225FCE50008A7F09 /* Products */ = {
			isa = PBXGroup;
			children = (
				34ED55BD225FCE50008A7F09 /* ARLiu.app */,
			);
			name = Products;
			sourceTree = "<group>";
		};
		34ED55BF225FCE50008A7F09 /* ARLiu */ = {
			isa = PBXGroup;
			children = (
				53773725226FDF84003DBCA3 /* Main */,
				53773720226FDEAA003DBCA3 /* Launch */,
				34ED55C0225FCE50008A7F09 /* AppDelegate.swift */,
				34ED55C2225FCE50008A7F09 /* art.scnassets */,
				34ED55C9225FCE53008A7F09 /* Assets.xcassets */,
				34ED55CB225FCE53008A7F09 /* LaunchScreen.storyboard */,
				34ED55CE225FCE53008A7F09 /* Info.plist */,
				53773728226FE092003DBCA3 /* UIViewController.swift */,
				5377372A226FE0A5003DBCA3 /* Optional.swift */,
			);
			path = ARLiu;
			sourceTree = "<group>";
		};
		53773720226FDEAA003DBCA3 /* Launch */ = {
			isa = PBXGroup;
			children = (
				53773721226FDECC003DBCA3 /* LaunchViewController.swift */,
				53773723226FDEF7003DBCA3 /* LaunchViewController.xib */,
			);
			path = Launch;
			sourceTree = "<group>";
		};
		53773725226FDF84003DBCA3 /* Main */ = {
			isa = PBXGroup;
			children = (
				34ED55C4225FCE50008A7F09 /* MainViewController.swift */,
				53773726226FDF92003DBCA3 /* MainViewController.xib */,
			);
			path = Main;
			sourceTree = "<group>";
		};
/* End PBXGroup section */

/* Begin PBXNativeTarget section */
		34ED55BC225FCE50008A7F09 /* ARLiu */ = {
			isa = PBXNativeTarget;
			buildConfigurationList = 34ED55D1225FCE53008A7F09 /* Build configuration list for PBXNativeTarget "ARLiu" */;
			buildPhases = (
				34ED55B9225FCE50008A7F09 /* Sources */,
				34ED55BA225FCE50008A7F09 /* Frameworks */,
				34ED55BB225FCE50008A7F09 /* Resources */,
			);
			buildRules = (
			);
			dependencies = (
			);
			name = ARLiu;
			productName = ARLiu;
			productReference = 34ED55BD225FCE50008A7F09 /* ARLiu.app */;
			productType = "com.apple.product-type.application";
		};
/* End PBXNativeTarget section */

/* Begin PBXProject section */
		34ED55B5225FCE50008A7F09 /* Project object */ = {
			isa = PBXProject;
			attributes = {
				LastSwiftUpdateCheck = 1020;
				LastUpgradeCheck = 1020;
				ORGANIZATIONNAME = LiuVasconcelos;
				TargetAttributes = {
					34ED55BC225FCE50008A7F09 = {
						CreatedOnToolsVersion = 10.2;
					};
				};
			};
			buildConfigurationList = 34ED55B8225FCE50008A7F09 /* Build configuration list for PBXProject "ARLiu" */;
			compatibilityVersion = "Xcode 9.3";
			developmentRegion = en;
			hasScannedForEncodings = 0;
			knownRegions = (
				en,
				Base,
			);
			mainGroup = 34ED55B4225FCE50008A7F09;
			productRefGroup = 34ED55BE225FCE50008A7F09 /* Products */;
			projectDirPath = "";
			projectRoot = "";
			targets = (
				34ED55BC225FCE50008A7F09 /* ARLiu */,
			);
		};
/* End PBXProject section */

/* Begin PBXResourcesBuildPhase section */
		34ED55BB225FCE50008A7F09 /* Resources */ = {
			isa = PBXResourcesBuildPhase;
			buildActionMask = 2147483647;
			files = (
				34ED55C3225FCE50008A7F09 /* art.scnassets in Resources */,
				53773727226FDF92003DBCA3 /* MainViewController.xib in Resources */,
				34ED55CD225FCE53008A7F09 /* LaunchScreen.storyboard in Resources */,
				53773724226FDEF7003DBCA3 /* LaunchViewController.xib in Resources */,
				34ED55CA225FCE53008A7F09 /* Assets.xcassets in Resources */,
			);
			runOnlyForDeploymentPostprocessing = 0;
		};
/* End PBXResourcesBuildPhase section */

/* Begin PBXSourcesBuildPhase section */
		34ED55B9225FCE50008A7F09 /* Sources */ = {
			isa = PBXSourcesBuildPhase;
			buildActionMask = 2147483647;
			files = (
				34ED55C5225FCE50008A7F09 /* MainViewController.swift in Sources */,
				5377372B226FE0A5003DBCA3 /* Optional.swift in Sources */,
				53773722226FDECC003DBCA3 /* LaunchViewController.swift in Sources */,
				53773729226FE092003DBCA3 /* UIViewController.swift in Sources */,
				34ED55C1225FCE50008A7F09 /* AppDelegate.swift in Sources */,
			);
			runOnlyForDeploymentPostprocessing = 0;
		};
/* End PBXSourcesBuildPhase section */

/* Begin PBXVariantGroup section */
		34ED55CB225FCE53008A7F09 /* LaunchScreen.storyboard */ = {
			isa = PBXVariantGroup;
			children = (
				34ED55CC225FCE53008A7F09 /* Base */,
			);
			name = LaunchScreen.storyboard;
			sourceTree = "<group>";
		};
/* End PBXVariantGroup section */

/* Begin XCBuildConfiguration section */
		34ED55CF225FCE53008A7F09 /* Debug */ = {
			isa = XCBuildConfiguration;
			buildSettings = {
				ALWAYS_SEARCH_USER_PATHS = NO;
				CLANG_ANALYZER_NONNULL = YES;
				CLANG_ANALYZER_NUMBER_OBJECT_CONVERSION = YES_AGGRESSIVE;
				CLANG_CXX_LANGUAGE_STANDARD = "gnu++14";
				CLANG_CXX_LIBRARY = "libc++";
				CLANG_ENABLE_MODULES = YES;
				CLANG_ENABLE_OBJC_ARC = YES;
				CLANG_ENABLE_OBJC_WEAK = YES;
				CLANG_WARN_BLOCK_CAPTURE_AUTORELEASING = YES;
				CLANG_WARN_BOOL_CONVERSION = YES;
				CLANG_WARN_COMMA = YES;
				CLANG_WARN_CONSTANT_CONVERSION = YES;
				CLANG_WARN_DEPRECATED_OBJC_IMPLEMENTATIONS = YES;
				CLANG_WARN_DIRECT_OBJC_ISA_USAGE = YES_ERROR;
				CLANG_WARN_DOCUMENTATION_COMMENTS = YES;
				CLANG_WARN_EMPTY_BODY = YES;
				CLANG_WARN_ENUM_CONVERSION = YES;
				CLANG_WARN_INFINITE_RECURSION = YES;
				CLANG_WARN_INT_CONVERSION = YES;
				CLANG_WARN_NON_LITERAL_NULL_CONVERSION = YES;
				CLANG_WARN_OBJC_IMPLICIT_RETAIN_SELF = YES;
				CLANG_WARN_OBJC_LITERAL_CONVERSION = YES;
				CLANG_WARN_OBJC_ROOT_CLASS = YES_ERROR;
				CLANG_WARN_RANGE_LOOP_ANALYSIS = YES;
				CLANG_WARN_STRICT_PROTOTYPES = YES;
				CLANG_WARN_SUSPICIOUS_MOVE = YES;
				CLANG_WARN_UNGUARDED_AVAILABILITY = YES_AGGRESSIVE;
				CLANG_WARN_UNREACHABLE_CODE = YES;
				CLANG_WARN__DUPLICATE_METHOD_MATCH = YES;
				CODE_SIGN_IDENTITY = "iPhone Developer";
				COPY_PHASE_STRIP = NO;
				DEBUG_INFORMATION_FORMAT = dwarf;
				ENABLE_STRICT_OBJC_MSGSEND = YES;
				ENABLE_TESTABILITY = YES;
				GCC_C_LANGUAGE_STANDARD = gnu11;
				GCC_DYNAMIC_NO_PIC = NO;
				GCC_NO_COMMON_BLOCKS = YES;
				GCC_OPTIMIZATION_LEVEL = 0;
				GCC_PREPROCESSOR_DEFINITIONS = (
					"DEBUG=1",
					"$(inherited)",
				);
				GCC_WARN_64_TO_32_BIT_CONVERSION = YES;
				GCC_WARN_ABOUT_RETURN_TYPE = YES_ERROR;
				GCC_WARN_UNDECLARED_SELECTOR = YES;
				GCC_WARN_UNINITIALIZED_AUTOS = YES_AGGRESSIVE;
				GCC_WARN_UNUSED_FUNCTION = YES;
				GCC_WARN_UNUSED_VARIABLE = YES;
				IPHONEOS_DEPLOYMENT_TARGET = 12.2;
				MTL_ENABLE_DEBUG_INFO = INCLUDE_SOURCE;
				MTL_FAST_MATH = YES;
				ONLY_ACTIVE_ARCH = YES;
				SDKROOT = iphoneos;
				SWIFT_ACTIVE_COMPILATION_CONDITIONS = DEBUG;
				SWIFT_OPTIMIZATION_LEVEL = "-Onone";
			};
			name = Debug;
		};
		34ED55D0225FCE53008A7F09 /* Release */ = {
			isa = XCBuildConfiguration;
			buildSettings = {
				ALWAYS_SEARCH_USER_PATHS = NO;
				CLANG_ANALYZER_NONNULL = YES;
				CLANG_ANALYZER_NUMBER_OBJECT_CONVERSION = YES_AGGRESSIVE;
				CLANG_CXX_LANGUAGE_STANDARD = "gnu++14";
				CLANG_CXX_LIBRARY = "libc++";
				CLANG_ENABLE_MODULES = YES;
				CLANG_ENABLE_OBJC_ARC = YES;
				CLANG_ENABLE_OBJC_WEAK = YES;
				CLANG_WARN_BLOCK_CAPTURE_AUTORELEASING = YES;
				CLANG_WARN_BOOL_CONVERSION = YES;
				CLANG_WARN_COMMA = YES;
				CLANG_WARN_CONSTANT_CONVERSION = YES;
				CLANG_WARN_DEPRECATED_OBJC_IMPLEMENTATIONS = YES;
				CLANG_WARN_DIRECT_OBJC_ISA_USAGE = YES_ERROR;
				CLANG_WARN_DOCUMENTATION_COMMENTS = YES;
				CLANG_WARN_EMPTY_BODY = YES;
				CLANG_WARN_ENUM_CONVERSION = YES;
				CLANG_WARN_INFINITE_RECURSION = YES;
				CLANG_WARN_INT_CONVERSION = YES;
				CLANG_WARN_NON_LITERAL_NULL_CONVERSION = YES;
				CLANG_WARN_OBJC_IMPLICIT_RETAIN_SELF = YES;
				CLANG_WARN_OBJC_LITERAL_CONVERSION = YES;
				CLANG_WARN_OBJC_ROOT_CLASS = YES_ERROR;
				CLANG_WARN_RANGE_LOOP_ANALYSIS = YES;
				CLANG_WARN_STRICT_PROTOTYPES = YES;
				CLANG_WARN_SUSPICIOUS_MOVE = YES;
				CLANG_WARN_UNGUARDED_AVAILABILITY = YES_AGGRESSIVE;
				CLANG_WARN_UNREACHABLE_CODE = YES;
				CLANG_WARN__DUPLICATE_METHOD_MATCH = YES;
				CODE_SIGN_IDENTITY = "iPhone Developer";
				COPY_PHASE_STRIP = NO;
				DEBUG_INFORMATION_FORMAT = "dwarf-with-dsym";
				ENABLE_NS_ASSERTIONS = NO;
				ENABLE_STRICT_OBJC_MSGSEND = YES;
				GCC_C_LANGUAGE_STANDARD = gnu11;
				GCC_NO_COMMON_BLOCKS = YES;
				GCC_WARN_64_TO_32_BIT_CONVERSION = YES;
				GCC_WARN_ABOUT_RETURN_TYPE = YES_ERROR;
				GCC_WARN_UNDECLARED_SELECTOR = YES;
				GCC_WARN_UNINITIALIZED_AUTOS = YES_AGGRESSIVE;
				GCC_WARN_UNUSED_FUNCTION = YES;
				GCC_WARN_UNUSED_VARIABLE = YES;
				IPHONEOS_DEPLOYMENT_TARGET = 12.2;
				MTL_ENABLE_DEBUG_INFO = NO;
				MTL_FAST_MATH = YES;
				SDKROOT = iphoneos;
				SWIFT_COMPILATION_MODE = wholemodule;
				SWIFT_OPTIMIZATION_LEVEL = "-O";
				VALIDATE_PRODUCT = YES;
			};
			name = Release;
		};
		34ED55D2225FCE53008A7F09 /* Debug */ = {
			isa = XCBuildConfiguration;
			buildSettings = {
				ASSETCATALOG_COMPILER_APPICON_NAME = AppIcon;
				CODE_SIGN_STYLE = Automatic;
				DEVELOPMENT_TEAM = L9CMSL6QFV;
				INFOPLIST_FILE = ARLiu/Info.plist;
				LD_RUNPATH_SEARCH_PATHS = (
					"$(inherited)",
					"@executable_path/Frameworks",
				);
				PRODUCT_BUNDLE_IDENTIFIER = com.liuvasconcelos.ARLiu;
				PRODUCT_NAME = "$(TARGET_NAME)";
				SWIFT_VERSION = 5.0;
				TARGETED_DEVICE_FAMILY = "1,2";
			};
			name = Debug;
		};
		34ED55D3225FCE53008A7F09 /* Release */ = {
			isa = XCBuildConfiguration;
			buildSettings = {
				ASSETCATALOG_COMPILER_APPICON_NAME = AppIcon;
				CODE_SIGN_STYLE = Automatic;
				DEVELOPMENT_TEAM = L9CMSL6QFV;
				INFOPLIST_FILE = ARLiu/Info.plist;
				LD_RUNPATH_SEARCH_PATHS = (
					"$(inherited)",
					"@executable_path/Frameworks",
				);
				PRODUCT_BUNDLE_IDENTIFIER = com.liuvasconcelos.ARLiu;
				PRODUCT_NAME = "$(TARGET_NAME)";
				SWIFT_VERSION = 5.0;
				TARGETED_DEVICE_FAMILY = "1,2";
			};
			name = Release;
		};
/* End XCBuildConfiguration section */

/* Begin XCConfigurationList section */
		34ED55B8225FCE50008A7F09 /* Build configuration list for PBXProject "ARLiu" */ = {
			isa = XCConfigurationList;
			buildConfigurations = (
				34ED55CF225FCE53008A7F09 /* Debug */,
				34ED55D0225FCE53008A7F09 /* Release */,
			);
			defaultConfigurationIsVisible = 0;
			defaultConfigurationName = Release;
		};
		34ED55D1225FCE53008A7F09 /* Build configuration list for PBXNativeTarget "ARLiu" */ = {
			isa = XCConfigurationList;
			buildConfigurations = (
				34ED55D2225FCE53008A7F09 /* Debug */,
				34ED55D3225FCE53008A7F09 /* Release */,
			);
			defaultConfigurationIsVisible = 0;
			defaultConfigurationName = Release;
		};
/* End XCConfigurationList section */
	};
	rootObject = 34ED55B5225FCE50008A7F09 /* Project object */;
}
